
Microsoft Visual Studio Solution File, Format Version 12.00
# Visual Studio Version 17
VisualStudioVersion = 17.14.36705.20 d17.14
MinimumVisualStudioVersion = 10.0.40219.1
Project("{FAE04EC0-301F-11D3-BF4B-00C04F79EFBC}") = "ConsoleAppMenuDrivenNumberGame", "ConsoleAppMenuDrivenNumberGame\ConsoleAppMenuDrivenNumberGame.csproj", "{CE93FEDD-7858-460F-A232-903BBE690D5B}"
EndProject
Global
	GlobalSection(SolutionConfigurationPlatforms) = preSolution
		Debug|Any CPU = Debug|Any CPU
		Release|Any CPU = Release|Any CPU
	EndGlobalSection
	GlobalSection(ProjectConfigurationPlatforms) = postSolution
		{CE93FEDD-7858-460F-A232-903BBE690D5B}.Debug|Any CPU.ActiveCfg = Debug|Any CPU
		{CE93FEDD-7858-460F-A232-903BBE690D5B}.Debug|Any CPU.Build.0 = Debug|Any CPU
		{CE93FEDD-7858-460F-A232-903BBE690D5B}.Release|Any CPU.ActiveCfg = Release|Any CPU
		{CE93FEDD-7858-460F-A232-903BBE690D5B}.Release|Any CPU.Build.0 = Release|Any CPU
	EndGlobalSection
	GlobalSection(SolutionProperties) = preSolution
		HideSolutionNode = FALSE
	EndGlobalSection
	GlobalSection(ExtensibilityGlobals) = postSolution
		SolutionGuid = {DE745256-6A13-47C2-8FDF-20C70742C24F}
	EndGlobalSection
EndGlobal
